
Microsoft Visual Studio Solution File, Format Version 12.00
# Visual Studio 15
VisualStudioVersion = 15.0.35213.121
MinimumVisualStudioVersion = 10.0.40219.1
Project("{FAE04EC0-301F-11D3-BF4B-00C04F79EFBC}") = "W10MMineSweeper", "W10MMineSweeper\W10MMineSweeper.csproj", "{C0E628E3-4B4A-465C-9850-89D78DF31C89}"
EndProject
Global
	GlobalSection(SolutionConfigurationPlatforms) = preSolution
		Debug|ARM = Debug|ARM
		Debug|ARM64 = Debug|ARM64
		Debug|x64 = Debug|x64
		Debug|x86 = Debug|x86
		Release|ARM = Release|ARM
		Release|ARM64 = Release|ARM64
		Release|x64 = Release|x64
		Release|x86 = Release|x86
	EndGlobalSection
	GlobalSection(ProjectConfigurationPlatforms) = postSolution
		{C0E628E3-4B4A-465C-9850-89D78DF31C89}.Debug|ARM.ActiveCfg = Debug|ARM
		{C0E628E3-4B4A-465C-9850-89D78DF31C89}.Debug|ARM.Build.0 = Debug|ARM
		{C0E628E3-4B4A-465C-9850-89D78DF31C89}.Debug|ARM.Deploy.0 = Debug|ARM
		{C0E628E3-4B4A-465C-9850-89D78DF31C89}.Debug|ARM64.ActiveCfg = Debug|ARM64
		{C0E628E3-4B4A-465C-9850-89D78DF31C89}.Debug|ARM64.Build.0 = Debug|ARM64
		{C0E628E3-4B4A-465C-9850-89D78DF31C89}.Debug|ARM64.Deploy.0 = Debug|ARM64
		{C0E628E3-4B4A-465C-9850-89D78DF31C89}.Debug|x64.ActiveCfg = Debug|x64
		{C0E628E3-4B4A-465C-9850-89D78DF31C89}.Debug|x64.Build.0 = Debug|x64
		{C0E628E3-4B4A-465C-9850-89D78DF31C89}.Debug|x64.Deploy.0 = Debug|x64
		{C0E628E3-4B4A-465C-9850-89D78DF31C89}.Debug|x86.ActiveCfg = Debug|x86
		{C0E628E3-4B4A-465C-9850-89D78DF31C89}.Debug|x86.Build.0 = Debug|x86
		{C0E628E3-4B4A-465C-9850-89D78DF31C89}.Debug|x86.Deploy.0 = Debug|x86
		{C0E628E3-4B4A-465C-9850-89D78DF31C89}.Release|ARM.ActiveCfg = Release|ARM
		{C0E628E3-4B4A-465C-9850-89D78DF31C89}.Release|ARM.Build.0 = Release|ARM
		{C0E628E3-4B4A-465C-9850-89D78DF31C89}.Release|ARM.Deploy.0 = Release|ARM
		{C0E628E3-4B4A-465C-9850-89D78DF31C89}.Release|ARM64.ActiveCfg = Release|ARM64
		{C0E628E3-4B4A-465C-9850-89D78DF31C89}.Release|ARM64.Build.0 = Release|ARM64
		{C0E628E3-4B4A-465C-9850-89D78DF31C89}.Release|ARM64.Deploy.0 = Release|ARM64
		{C0E628E3-4B4A-465C-9850-89D78DF31C89}.Release|x64.ActiveCfg = Release|x64
		{C0E628E3-4B4A-465C-9850-89D78DF31C89}.Release|x64.Build.0 = Release|x64
		{C0E628E3-4B4A-465C-9850-89D78DF31C89}.Release|x64.Deploy.0 = Release|x64
		{C0E628E3-4B4A-465C-9850-89D78DF31C89}.Release|x86.ActiveCfg = Release|x86
		{C0E628E3-4B4A-465C-9850-89D78DF31C89}.Release|x86.Build.0 = Release|x86
		{C0E628E3-4B4A-465C-9850-89D78DF31C89}.Release|x86.Deploy.0 = Release|x86
	EndGlobalSection
	GlobalSection(SolutionProperties) = preSolution
		HideSolutionNode = FALSE
	EndGlobalSection
	GlobalSection(ExtensibilityGlobals) = postSolution
		SolutionGuid = {CB501AD7-AE22-4E4F-8F07-27F45643021D}
	EndGlobalSection
EndGlobal
